// !$*UTF8*$!
{
	archiveVersion = 1;
	classes = {
	};
	objectVersion = 46;
	objects = {

/* Begin PBXBuildFile section */
		373DA0491CED909300F310EC /* AppDelegate.swift in Sources */ = {isa = PBXBuildFile; fileRef = 373DA0481CED909300F310EC /* AppDelegate.swift */; };
		373DA04B1CED909300F310EC /* ViewController.swift in Sources */ = {isa = PBXBuildFile; fileRef = 373DA04A1CED909300F310EC /* ViewController.swift */; };
		373DA04E1CED909300F310EC /* Main.storyboard in Resources */ = {isa = PBXBuildFile; fileRef = 373DA04C1CED909300F310EC /* Main.storyboard */; };
		373DA0501CED909300F310EC /* Assets.xcassets in Resources */ = {isa = PBXBuildFile; fileRef = 373DA04F1CED909300F310EC /* Assets.xcassets */; };
		373DA0531CED909300F310EC /* LaunchScreen.storyboard in Resources */ = {isa = PBXBuildFile; fileRef = 373DA0511CED909300F310EC /* LaunchScreen.storyboard */; };
		373DA05E1CED909300F310EC /* DetailUIViewTests.swift in Sources */ = {isa = PBXBuildFile; fileRef = 373DA05D1CED909300F310EC /* DetailUIViewTests.swift */; };
		373DA0691CED909300F310EC /* DetailUIViewUITests.swift in Sources */ = {isa = PBXBuildFile; fileRef = 373DA0681CED909300F310EC /* DetailUIViewUITests.swift */; };
		37FDB52D1CEDB4AC0031286D /* DetailViewController.swift in Sources */ = {isa = PBXBuildFile; fileRef = 37FDB52C1CEDB4AC0031286D /* DetailViewController.swift */; };
		37FDB5321CEDB4E40031286D /* DetailTableViewCell.swift in Sources */ = {isa = PBXBuildFile; fileRef = 37FDB5301CEDB4E40031286D /* DetailTableViewCell.swift */; };
		37FDB5331CEDB4E40031286D /* DetailTableViewCell.xib in Resources */ = {isa = PBXBuildFile; fileRef = 37FDB5311CEDB4E40031286D /* DetailTableViewCell.xib */; };
/* End PBXBuildFile section */

/* Begin PBXContainerItemProxy section */
		373DA05A1CED909300F310EC /* PBXContainerItemProxy */ = {
			isa = PBXContainerItemProxy;
			containerPortal = 373DA03D1CED909000F310EC /* Project object */;
			proxyType = 1;
			remoteGlobalIDString = 373DA0441CED909100F310EC;
			remoteInfo = DetailUIView;
		};
		373DA0651CED909300F310EC /* PBXContainerItemProxy */ = {
			isa = PBXContainerItemProxy;
			containerPortal = 373DA03D1CED909000F310EC /* Project object */;
			proxyType = 1;
			remoteGlobalIDString = 373DA0441CED909100F310EC;
			remoteInfo = DetailUIView;
		};
/* End PBXContainerItemProxy section */

/* Begin PBXFileReference section */
		373DA0451CED909100F310EC /* DetailUIView.app */ = {isa = PBXFileReference; explicitFileType = wrapper.application; includeInIndex = 0; path = DetailUIView.app; sourceTree = BUILT_PRODUCTS_DIR; };
		373DA0481CED909300F310EC /* AppDelegate.swift */ = {isa = PBXFileReference; lastKnownFileType = sourcecode.swift; path = AppDelegate.swift; sourceTree = "<group>"; };
		373DA04A1CED909300F310EC /* ViewController.swift */ = {isa = PBXFileReference; lastKnownFileType = sourcecode.swift; path = ViewController.swift; sourceTree = "<group>"; };
		373DA04D1CED909300F310EC /* Base */ = {isa = PBXFileReference; lastKnownFileType = file.storyboard; name = Base; path = Base.lproj/Main.storyboard; sourceTree = "<group>"; };
		373DA04F1CED909300F310EC /* Assets.xcassets */ = {isa = PBXFileReference; lastKnownFileType = folder.assetcatalog; path = Assets.xcassets; sourceTree = "<group>"; };
		373DA0521CED909300F310EC /* Base */ = {isa = PBXFileReference; lastKnownFileType = file.storyboard; name = Base; path = Base.lproj/LaunchScreen.storyboard; sourceTree = "<group>"; };
		373DA0541CED909300F310EC /* Info.plist */ = {isa = PBXFileReference; lastKnownFileType = text.plist.xml; path = Info.plist; sourceTree = "<group>"; };
		373DA0591CED909300F310EC /* DetailUIViewTests.xctest */ = {isa = PBXFileReference; explicitFileType = wrapper.cfbundle; includeInIndex = 0; path = DetailUIViewTests.xctest; sourceTree = BUILT_PRODUCTS_DIR; };
		373DA05D1CED909300F310EC /* DetailUIViewTests.swift */ = {isa = PBXFileReference; lastKnownFileType = sourcecode.swift; path = DetailUIViewTests.swift; sourceTree = "<group>"; };
		373DA05F1CED909300F310EC /* Info.plist */ = {isa = PBXFileReference; lastKnownFileType = text.plist.xml; path = Info.plist; sourceTree = "<group>"; };
		373DA0641CED909300F310EC /* DetailUIViewUITests.xctest */ = {isa = PBXFileReference; explicitFileType = wrapper.cfbundle; includeInIndex = 0; path = DetailUIViewUITests.xctest; sourceTree = BUILT_PRODUCTS_DIR; };
		373DA0681CED909300F310EC /* DetailUIViewUITests.swift */ = {isa = PBXFileReference; lastKnownFileType = sourcecode.swift; path = DetailUIViewUITests.swift; sourceTree = "<group>"; };
		373DA06A1CED909400F310EC /* Info.plist */ = {isa = PBXFileReference; lastKnownFileType = text.plist.xml; path = Info.plist; sourceTree = "<group>"; };
		37FDB52C1CEDB4AC0031286D /* DetailViewController.swift */ = {isa = PBXFileReference; fileEncoding = 4; lastKnownFileType = sourcecode.swift; path = DetailViewController.swift; sourceTree = "<group>"; };
		37FDB5301CEDB4E40031286D /* DetailTableViewCell.swift */ = {isa = PBXFileReference; fileEncoding = 4; lastKnownFileType = sourcecode.swift; path = DetailTableViewCell.swift; sourceTree = "<group>"; };
		37FDB5311CEDB4E40031286D /* DetailTableViewCell.xib */ = {isa = PBXFileReference; fileEncoding = 4; lastKnownFileType = file.xib; path = DetailTableViewCell.xib; sourceTree = "<group>"; };
/* End PBXFileReference section */

/* Begin PBXFrameworksBuildPhase section */
		373DA0421CED909100F310EC /* Frameworks */ = {
			isa = PBXFrameworksBuildPhase;
			buildActionMask = 2147483647;
			files = (
			);
			runOnlyForDeploymentPostprocessing = 0;
		};
		373DA0561CED909300F310EC /* Frameworks */ = {
			isa = PBXFrameworksBuildPhase;
			buildActionMask = 2147483647;
			files = (
			);
			runOnlyForDeploymentPostprocessing = 0;
		};
		373DA0611CED909300F310EC /* Frameworks */ = {
			isa = PBXFrameworksBuildPhase;
			buildActionMask = 2147483647;
			files = (
			);
			runOnlyForDeploymentPostprocessing = 0;
		};
/* End PBXFrameworksBuildPhase section */

/* Begin PBXGroup section */
		373DA03C1CED909000F310EC = {
			isa = PBXGroup;
			children = (
				373DA0471CED909200F310EC /* DetailUIView */,
				373DA05C1CED909300F310EC /* DetailUIViewTests */,
				373DA0671CED909300F310EC /* DetailUIViewUITests */,
				373DA0461CED909100F310EC /* Products */,
			);
			sourceTree = "<group>";
		};
		373DA0461CED909100F310EC /* Products */ = {
			isa = PBXGroup;
			children = (
				373DA0451CED909100F310EC /* DetailUIView.app */,
				373DA0591CED909300F310EC /* DetailUIViewTests.xctest */,
				373DA0641CED909300F310EC /* DetailUIViewUITests.xctest */,
			);
			name = Products;
			sourceTree = "<group>";
		};
		373DA0471CED909200F310EC /* DetailUIView */ = {
			isa = PBXGroup;
			children = (
				373DA0481CED909300F310EC /* AppDelegate.swift */,
				373DA04A1CED909300F310EC /* ViewController.swift */,
				37FDB52C1CEDB4AC0031286D /* DetailViewController.swift */,
				37FDB5301CEDB4E40031286D /* DetailTableViewCell.swift */,
				37FDB5311CEDB4E40031286D /* DetailTableViewCell.xib */,
				373DA04C1CED909300F310EC /* Main.storyboard */,
				373DA04F1CED909300F310EC /* Assets.xcassets */,
				373DA0511CED909300F310EC /* LaunchScreen.storyboard */,
				373DA0541CED909300F310EC /* Info.plist */,
			);
			path = DetailUIView;
			sourceTree = "<group>";
		};
		373DA05C1CED909300F310EC /* DetailUIViewTests */ = {
			isa = PBXGroup;
			children = (
				373DA05D1CED909300F310EC /* DetailUIViewTests.swift */,
				373DA05F1CED909300F310EC /* Info.plist */,
			);
			path = DetailUIViewTests;
			sourceTree = "<group>";
		};
		373DA0671CED909300F310EC /* DetailUIViewUITests */ = {
			isa = PBXGroup;
			children = (
				373DA0681CED909300F310EC /* DetailUIViewUITests.swift */,
				373DA06A1CED909400F310EC /* Info.plist */,
			);
			path = DetailUIViewUITests;
			sourceTree = "<group>";
		};
/* End PBXGroup section */

/* Begin PBXNativeTarget section */
		373DA0441CED909100F310EC /* DetailUIView */ = {
			isa = PBXNativeTarget;
			buildConfigurationList = 373DA06D1CED909400F310EC /* Build configuration list for PBXNativeTarget "DetailUIView" */;
			buildPhases = (
				373DA0411CED909100F310EC /* Sources */,
				373DA0421CED909100F310EC /* Frameworks */,
				373DA0431CED909100F310EC /* Resources */,
			);
			buildRules = (
			);
			dependencies = (
			);
			name = DetailUIView;
			productName = DetailUIView;
			productReference = 373DA0451CED909100F310EC /* DetailUIView.app */;
			productType = "com.apple.product-type.application";
		};
		373DA0581CED909300F310EC /* DetailUIViewTests */ = {
			isa = PBXNativeTarget;
			buildConfigurationList = 373DA0701CED909400F310EC /* Build configuration list for PBXNativeTarget "DetailUIViewTests" */;
			buildPhases = (
				373DA0551CED909300F310EC /* Sources */,
				373DA0561CED909300F310EC /* Frameworks */,
				373DA0571CED909300F310EC /* Resources */,
			);
			buildRules = (
			);
			dependencies = (
				373DA05B1CED909300F310EC /* PBXTargetDependency */,
			);
			name = DetailUIViewTests;
			productName = DetailUIViewTests;
			productReference = 373DA0591CED909300F310EC /* DetailUIViewTests.xctest */;
			productType = "com.apple.product-type.bundle.unit-test";
		};
		373DA0631CED909300F310EC /* DetailUIViewUITests */ = {
			isa = PBXNativeTarget;
			buildConfigurationList = 373DA0731CED909400F310EC /* Build configuration list for PBXNativeTarget "DetailUIViewUITests" */;
			buildPhases = (
				373DA0601CED909300F310EC /* Sources */,
				373DA0611CED909300F310EC /* Frameworks */,
				373DA0621CED909300F310EC /* Resources */,
			);
			buildRules = (
			);
			dependencies = (
				373DA0661CED909300F310EC /* PBXTargetDependency */,
			);
			name = DetailUIViewUITests;
			productName = DetailUIViewUITests;
			productReference = 373DA0641CED909300F310EC /* DetailUIViewUITests.xctest */;
			productType = "com.apple.product-type.bundle.ui-testing";
		};
/* End PBXNativeTarget section */

/* Begin PBXProject section */
		373DA03D1CED909000F310EC /* Project object */ = {
			isa = PBXProject;
			attributes = {
				LastSwiftUpdateCheck = 0730;
				LastUpgradeCheck = 0730;
				ORGANIZATIONNAME = kvanaMini1;
				TargetAttributes = {
					373DA0441CED909100F310EC = {
						CreatedOnToolsVersion = 7.3.1;
					};
					373DA0581CED909300F310EC = {
						CreatedOnToolsVersion = 7.3.1;
						DevelopmentTeam = JYBV57ZJUU;
						TestTargetID = 373DA0441CED909100F310EC;
					};
					373DA0631CED909300F310EC = {
						CreatedOnToolsVersion = 7.3.1;
						DevelopmentTeam = JYBV57ZJUU;
						TestTargetID = 373DA0441CED909100F310EC;
					};
				};
			};
			buildConfigurationList = 373DA0401CED909100F310EC /* Build configuration list for PBXProject "DetailUIView" */;
			compatibilityVersion = "Xcode 3.2";
			developmentRegion = English;
			hasScannedForEncodings = 0;
			knownRegions = (
				en,
				Base,
			);
			mainGroup = 373DA03C1CED909000F310EC;
			productRefGroup = 373DA0461CED909100F310EC /* Products */;
			projectDirPath = "";
			projectRoot = "";
			targets = (
				373DA0441CED909100F310EC /* DetailUIView */,
				373DA0581CED909300F310EC /* DetailUIViewTests */,
				373DA0631CED909300F310EC /* DetailUIViewUITests */,
			);
		};
/* End PBXProject section */

/* Begin PBXResourcesBuildPhase section */
		373DA0431CED909100F310EC /* Resources */ = {
			isa = PBXResourcesBuildPhase;
			buildActionMask = 2147483647;
			files = (
				373DA0531CED909300F310EC /* LaunchScreen.storyboard in Resources */,
				373DA0501CED909300F310EC /* Assets.xcassets in Resources */,
				37FDB5331CEDB4E40031286D /* DetailTableViewCell.xib in Resources */,
				373DA04E1CED909300F310EC /* Main.storyboard in Resources */,
			);
			runOnlyForDeploymentPostprocessing = 0;
		};
		373DA0571CED909300F310EC /* Resources */ = {
			isa = PBXResourcesBuildPhase;
			buildActionMask = 2147483647;
			files = (
			);
			runOnlyForDeploymentPostprocessing = 0;
		};
		373DA0621CED909300F310EC /* Resources */ = {
			isa = PBXResourcesBuildPhase;
			buildActionMask = 2147483647;
			files = (
			);
			runOnlyForDeploymentPostprocessing = 0;
		};
/* End PBXResourcesBuildPhase section */

/* Begin PBXSourcesBuildPhase section */
		373DA0411CED909100F310EC /* Sources */ = {
			isa = PBXSourcesBuildPhase;
			buildActionMask = 2147483647;
			files = (
				373DA04B1CED909300F310EC /* ViewController.swift in Sources */,
				373DA0491CED909300F310EC /* AppDelegate.swift in Sources */,
				37FDB5321CEDB4E40031286D /* DetailTableViewCell.swift in Sources */,
				37FDB52D1CEDB4AC0031286D /* DetailViewController.swift in Sources */,
			);
			runOnlyForDeploymentPostprocessing = 0;
		};
		373DA0551CED909300F310EC /* Sources */ = {
			isa = PBXSourcesBuildPhase;
			buildActionMask = 2147483647;
			files = (
				373DA05E1CED909300F310EC /* DetailUIViewTests.swift in Sources */,
			);
			runOnlyForDeploymentPostprocessing = 0;
		};
		373DA0601CED909300F310EC /* Sources */ = {
			isa = PBXSourcesBuildPhase;
			buildActionMask = 2147483647;
			files = (
				373DA0691CED909300F310EC /* DetailUIViewUITests.swift in Sources */,
			);
			runOnlyForDeploymentPostprocessing = 0;
		};
/* End PBXSourcesBuildPhase section */

/* Begin PBXTargetDependency section */
		373DA05B1CED909300F310EC /* PBXTargetDependency */ = {
			isa = PBXTargetDependency;
			target = 373DA0441CED909100F310EC /* DetailUIView */;
			targetProxy = 373DA05A1CED909300F310EC /* PBXContainerItemProxy */;
		};
		373DA0661CED909300F310EC /* PBXTargetDependency */ = {
			isa = PBXTargetDependency;
			target = 373DA0441CED909100F310EC /* DetailUIView */;
			targetProxy = 373DA0651CED909300F310EC /* PBXContainerItemProxy */;
		};
/* End PBXTargetDependency section */

/* Begin PBXVariantGroup section */
		373DA04C1CED909300F310EC /* Main.storyboard */ = {
			isa = PBXVariantGroup;
			children = (
				373DA04D1CED909300F310EC /* Base */,
			);
			name = Main.storyboard;
			sourceTree = "<group>";
		};
		373DA0511CED909300F310EC /* LaunchScreen.storyboard */ = {
			isa = PBXVariantGroup;
			children = (
				373DA0521CED909300F310EC /* Base */,
			);
			name = LaunchScreen.storyboard;
			sourceTree = "<group>";
		};
/* End PBXVariantGroup section */

/* Begin XCBuildConfiguration section */
		373DA06B1CED909400F310EC /* Debug */ = {
			isa = XCBuildConfiguration;
			buildSettings = {
				ALWAYS_SEARCH_USER_PATHS = NO;
				CLANG_ANALYZER_NONNULL = YES;
				CLANG_CXX_LANGUAGE_STANDARD = "gnu++0x";
				CLANG_CXX_LIBRARY = "libc++";
				CLANG_ENABLE_MODULES = YES;
				CLANG_ENABLE_OBJC_ARC = YES;
				CLANG_WARN_BOOL_CONVERSION = YES;
				CLANG_WARN_CONSTANT_CONVERSION = YES;
				CLANG_WARN_DIRECT_OBJC_ISA_USAGE = YES_ERROR;
				CLANG_WARN_EMPTY_BODY = YES;
				CLANG_WARN_ENUM_CONVERSION = YES;
				CLANG_WARN_INT_CONVERSION = YES;
				CLANG_WARN_OBJC_ROOT_CLASS = YES_ERROR;
				CLANG_WARN_UNREACHABLE_CODE = YES;
				CLANG_WARN__DUPLICATE_METHOD_MATCH = YES;
				"CODE_SIGN_IDENTITY[sdk=iphoneos*]" = "iPhone Developer";
				COPY_PHASE_STRIP = NO;
				DEBUG_INFORMATION_FORMAT = dwarf;
				ENABLE_STRICT_OBJC_MSGSEND = YES;
				ENABLE_TESTABILITY = YES;
				GCC_C_LANGUAGE_STANDARD = gnu99;
				GCC_DYNAMIC_NO_PIC = NO;
				GCC_NO_COMMON_BLOCKS = YES;
				GCC_OPTIMIZATION_LEVEL = 0;
				GCC_PREPROCESSOR_DEFINITIONS = (
					"DEBUG=1",
					"$(inherited)",
				);
				GCC_WARN_64_TO_32_BIT_CONVERSION = YES;
				GCC_WARN_ABOUT_RETURN_TYPE = YES_ERROR;
				GCC_WARN_UNDECLARED_SELECTOR = YES;
				GCC_WARN_UNINITIALIZED_AUTOS = YES_AGGRESSIVE;
				GCC_WARN_UNUSED_FUNCTION = YES;
				GCC_WARN_UNUSED_VARIABLE = YES;
				IPHONEOS_DEPLOYMENT_TARGET = 9.3;
				MTL_ENABLE_DEBUG_INFO = YES;
				ONLY_ACTIVE_ARCH = YES;
				SDKROOT = iphoneos;
				SWIFT_OPTIMIZATION_LEVEL = "-Onone";
				TARGETED_DEVICE_FAMILY = "1,2";
			};
			name = Debug;
		};
		373DA06C1CED909400F310EC /* Release */ = {
			isa = XCBuildConfiguration;
			buildSettings = {
				ALWAYS_SEARCH_USER_PATHS = NO;
				CLANG_ANALYZER_NONNULL = YES;
				CLANG_CXX_LANGUAGE_STANDARD = "gnu++0x";
				CLANG_CXX_LIBRARY = "libc++";
				CLANG_ENABLE_MODULES = YES;
				CLANG_ENABLE_OBJC_ARC = YES;
				CLANG_WARN_BOOL_CONVERSION = YES;
				CLANG_WARN_CONSTANT_CONVERSION = YES;
				CLANG_WARN_DIRECT_OBJC_ISA_USAGE = YES_ERROR;
				CLANG_WARN_EMPTY_BODY = YES;
				CLANG_WARN_ENUM_CONVERSION = YES;
				CLANG_WARN_INT_CONVERSION = YES;
				CLANG_WARN_OBJC_ROOT_CLASS = YES_ERROR;
				CLANG_WARN_UNREACHABLE_CODE = YES;
				CLANG_WARN__DUPLICATE_METHOD_MATCH = YES;
				"CODE_SIGN_IDENTITY[sdk=iphoneos*]" = "iPhone Developer";
				COPY_PHASE_STRIP = NO;
				DEBUG_INFORMATION_FORMAT = "dwarf-with-dsym";
				ENABLE_NS_ASSERTIONS = NO;
				ENABLE_STRICT_OBJC_MSGSEND = YES;
				GCC_C_LANGUAGE_STANDARD = gnu99;
				GCC_NO_COMMON_BLOCKS = YES;
				GCC_WARN_64_TO_32_BIT_CONVERSION = YES;
				GCC_WARN_ABOUT_RETURN_TYPE = YES_ERROR;
				GCC_WARN_UNDECLARED_SELECTOR = YES;
				GCC_WARN_UNINITIALIZED_AUTOS = YES_AGGRESSIVE;
				GCC_WARN_UNUSED_FUNCTION = YES;
				GCC_WARN_UNUSED_VARIABLE = YES;
				IPHONEOS_DEPLOYMENT_TARGET = 9.3;
				MTL_ENABLE_DEBUG_INFO = NO;
				SDKROOT = iphoneos;
				TARGETED_DEVICE_FAMILY = "1,2";
				VALIDATE_PRODUCT = YES;
			};
			name = Release;
		};
		373DA06E1CED909400F310EC /* Debug */ = {
			isa = XCBuildConfiguration;
			buildSettings = {
				ASSETCATALOG_COMPILER_APPICON_NAME = AppIcon;
				CODE_SIGN_IDENTITY = "iPhone Developer";
				INFOPLIST_FILE = DetailUIView/Info.plist;
				LD_RUNPATH_SEARCH_PATHS = "$(inherited) @executable_path/Frameworks";
				PRODUCT_BUNDLE_IDENTIFIER = com.kvana.DetailUIView;
				PRODUCT_NAME = "$(TARGET_NAME)";
			};
			name = Debug;
		};
		373DA06F1CED909400F310EC /* Release */ = {
			isa = XCBuildConfiguration;
			buildSettings = {
				ASSETCATALOG_COMPILER_APPICON_NAME = AppIcon;
				CODE_SIGN_IDENTITY = "iPhone Developer";
				INFOPLIST_FILE = DetailUIView/Info.plist;
				LD_RUNPATH_SEARCH_PATHS = "$(inherited) @executable_path/Frameworks";
				PRODUCT_BUNDLE_IDENTIFIER = com.kvana.DetailUIView;
				PRODUCT_NAME = "$(TARGET_NAME)";
			};
			name = Release;
		};
		373DA0711CED909400F310EC /* Debug */ = {
			isa = XCBuildConfiguration;
			buildSettings = {
				BUNDLE_LOADER = "$(TEST_HOST)";
				INFOPLIST_FILE = DetailUIViewTests/Info.plist;
				LD_RUNPATH_SEARCH_PATHS = "$(inherited) @executable_path/Frameworks @loader_path/Frameworks";
				PRODUCT_BUNDLE_IDENTIFIER = com.kvana.DetailUIViewTests;
				PRODUCT_NAME = "$(TARGET_NAME)";
				TEST_HOST = "$(BUILT_PRODUCTS_DIR)/DetailUIView.app/DetailUIView";
			};
			name = Debug;
		};
		373DA0721CED909400F310EC /* Release */ = {
			isa = XCBuildConfiguration;
			buildSettings = {
				BUNDLE_LOADER = "$(TEST_HOST)";
				INFOPLIST_FILE = DetailUIViewTests/Info.plist;
				LD_RUNPATH_SEARCH_PATHS = "$(inherited) @executable_path/Frameworks @loader_path/Frameworks";
				PRODUCT_BUNDLE_IDENTIFIER = com.kvana.DetailUIViewTests;
				PRODUCT_NAME = "$(TARGET_NAME)";
				TEST_HOST = "$(BUILT_PRODUCTS_DIR)/DetailUIView.app/DetailUIView";
			};
			name = Release;
		};
		373DA0741CED909400F310EC /* Debug */ = {
			isa = XCBuildConfiguration;
			buildSettings = {
				INFOPLIST_FILE = DetailUIViewUITests/Info.plist;
				LD_RUNPATH_SEARCH_PATHS = "$(inherited) @executable_path/Frameworks @loader_path/Frameworks";
				PRODUCT_BUNDLE_IDENTIFIER = com.kvana.DetailUIViewUITests;
				PRODUCT_NAME = "$(TARGET_NAME)";
				TEST_TARGET_NAME = DetailUIView;
			};
			name = Debug;
		};
		373DA0751CED909400F310EC /* Release */ = {
			isa = XCBuildConfiguration;
			buildSettings = {
				INFOPLIST_FILE = DetailUIViewUITests/Info.plist;
				LD_RUNPATH_SEARCH_PATHS = "$(inherited) @executable_path/Frameworks @loader_path/Frameworks";
				PRODUCT_BUNDLE_IDENTIFIER = com.kvana.DetailUIViewUITests;
				PRODUCT_NAME = "$(TARGET_NAME)";
				TEST_TARGET_NAME = DetailUIView;
			};
			name = Release;
		};
/* End XCBuildConfiguration section */

/* Begin XCConfigurationList section */
		373DA0401CED909100F310EC /* Build configuration list for PBXProject "DetailUIView" */ = {
			isa = XCConfigurationList;
			buildConfigurations = (
				373DA06B1CED909400F310EC /* Debug */,
				373DA06C1CED909400F310EC /* Release */,
			);
			defaultConfigurationIsVisible = 0;
			defaultConfigurationName = Release;
		};
		373DA06D1CED909400F310EC /* Build configuration list for PBXNativeTarget "DetailUIView" */ = {
			isa = XCConfigurationList;
			buildConfigurations = (
				373DA06E1CED909400F310EC /* Debug */,
				373DA06F1CED909400F310EC /* Release */,
			);
			defaultConfigurationIsVisible = 0;
			defaultConfigurationName = Release;
		};
		373DA0701CED909400F310EC /* Build configuration list for PBXNativeTarget "DetailUIViewTests" */ = {
			isa = XCConfigurationList;
			buildConfigurations = (
				373DA0711CED909400F310EC /* Debug */,
				373DA0721CED909400F310EC /* Release */,
			);
			defaultConfigurationIsVisible = 0;
			defaultConfigurationName = Release;
		};
		373DA0731CED909400F310EC /* Build configuration list for PBXNativeTarget "DetailUIViewUITests" */ = {
			isa = XCConfigurationList;
			buildConfigurations = (
				373DA0741CED909400F310EC /* Debug */,
				373DA0751CED909400F310EC /* Release */,
			);
			defaultConfigurationIsVisible = 0;
			defaultConfigurationName = Release;
		};
/* End XCConfigurationList section */
	};
	rootObject = 373DA03D1CED909000F310EC /* Project object */;
}
